// !$*UTF8*$!
{
	archiveVersion = 1;
	classes = {
	};
	objectVersion = 51;
	objects = {

/* Begin PBXBuildFile section */
		5545EE1C42AC411143523226 /* Pods_UberTutorial.framework in Frameworks */ = {isa = PBXBuildFile; fileRef = 51922DFDA36FD016BD559CBA /* Pods_UberTutorial.framework */; };
		8F650B852649BF5B00DFE178 /* SignUpController.swift in Sources */ = {isa = PBXBuildFile; fileRef = 8F650B842649BF5B00DFE178 /* SignUpController.swift */; };
		8F70A3C4265D98B200D2244B /* LocationInputView.swift in Sources */ = {isa = PBXBuildFile; fileRef = 8F70A3C3265D98B200D2244B /* LocationInputView.swift */; };
		8FCE1220265C38DD00602B35 /* LocationInputActivationView.swift in Sources */ = {isa = PBXBuildFile; fileRef = 8FCE121F265C38DD00602B35 /* LocationInputActivationView.swift */; };
		8FD9D2B3264729D40021CC29 /* AppDelegate.swift in Sources */ = {isa = PBXBuildFile; fileRef = 8FD9D2B2264729D40021CC29 /* AppDelegate.swift */; };
		8FD9D2B7264729D40021CC29 /* LoginController.swift in Sources */ = {isa = PBXBuildFile; fileRef = 8FD9D2B6264729D40021CC29 /* LoginController.swift */; };
		8FD9D2BA264729D40021CC29 /* Main.storyboard in Resources */ = {isa = PBXBuildFile; fileRef = 8FD9D2B8264729D40021CC29 /* Main.storyboard */; };
		8FD9D2BC264729D50021CC29 /* Assets.xcassets in Resources */ = {isa = PBXBuildFile; fileRef = 8FD9D2BB264729D50021CC29 /* Assets.xcassets */; };
		8FD9D2BF264729D50021CC29 /* LaunchScreen.storyboard in Resources */ = {isa = PBXBuildFile; fileRef = 8FD9D2BD264729D50021CC29 /* LaunchScreen.storyboard */; };
		8FD9D2D126481DD50021CC29 /* Extensions.swift in Sources */ = {isa = PBXBuildFile; fileRef = 8FD9D2D026481DD50021CC29 /* Extensions.swift */; };
		8FDF9485264F05130006B90E /* AuthButton.swift in Sources */ = {isa = PBXBuildFile; fileRef = 8FDF9484264F05130006B90E /* AuthButton.swift */; };
		8FDF9488264F31DC0006B90E /* GoogleService-Info.plist in Resources */ = {isa = PBXBuildFile; fileRef = 8FDF9487264F31DC0006B90E /* GoogleService-Info.plist */; };
		8FDF94D6265013920006B90E /* HomeController.swift in Sources */ = {isa = PBXBuildFile; fileRef = 8FDF94D5265013920006B90E /* HomeController.swift */; };
/* End PBXBuildFile section */

/* Begin PBXFileReference section */
		4187939435842E3B2ED7ED1C /* Pods-UberTutorial.release.xcconfig */ = {isa = PBXFileReference; includeInIndex = 1; lastKnownFileType = text.xcconfig; name = "Pods-UberTutorial.release.xcconfig"; path = "Target Support Files/Pods-UberTutorial/Pods-UberTutorial.release.xcconfig"; sourceTree = "<group>"; };
		51922DFDA36FD016BD559CBA /* Pods_UberTutorial.framework */ = {isa = PBXFileReference; explicitFileType = wrapper.framework; includeInIndex = 0; path = Pods_UberTutorial.framework; sourceTree = BUILT_PRODUCTS_DIR; };
		8F650B842649BF5B00DFE178 /* SignUpController.swift */ = {isa = PBXFileReference; lastKnownFileType = sourcecode.swift; path = SignUpController.swift; sourceTree = "<group>"; };
		8F70A3C3265D98B200D2244B /* LocationInputView.swift */ = {isa = PBXFileReference; lastKnownFileType = sourcecode.swift; path = LocationInputView.swift; sourceTree = "<group>"; };
		8FCE121F265C38DD00602B35 /* LocationInputActivationView.swift */ = {isa = PBXFileReference; lastKnownFileType = sourcecode.swift; path = LocationInputActivationView.swift; sourceTree = "<group>"; };
		8FD9D2AF264729D40021CC29 /* UberTutorial.app */ = {isa = PBXFileReference; explicitFileType = wrapper.application; includeInIndex = 0; path = UberTutorial.app; sourceTree = BUILT_PRODUCTS_DIR; };
		8FD9D2B2264729D40021CC29 /* AppDelegate.swift */ = {isa = PBXFileReference; lastKnownFileType = sourcecode.swift; path = AppDelegate.swift; sourceTree = "<group>"; };
		8FD9D2B6264729D40021CC29 /* LoginController.swift */ = {isa = PBXFileReference; lastKnownFileType = sourcecode.swift; path = LoginController.swift; sourceTree = "<group>"; };
		8FD9D2B9264729D40021CC29 /* Base */ = {isa = PBXFileReference; lastKnownFileType = file.storyboard; name = Base; path = Base.lproj/Main.storyboard; sourceTree = "<group>"; };
		8FD9D2BB264729D50021CC29 /* Assets.xcassets */ = {isa = PBXFileReference; lastKnownFileType = folder.assetcatalog; path = Assets.xcassets; sourceTree = "<group>"; };
		8FD9D2BE264729D50021CC29 /* Base */ = {isa = PBXFileReference; lastKnownFileType = file.storyboard; name = Base; path = Base.lproj/LaunchScreen.storyboard; sourceTree = "<group>"; };
		8FD9D2C0264729D50021CC29 /* Info.plist */ = {isa = PBXFileReference; lastKnownFileType = text.plist.xml; path = Info.plist; sourceTree = "<group>"; };
		8FD9D2D026481DD50021CC29 /* Extensions.swift */ = {isa = PBXFileReference; lastKnownFileType = sourcecode.swift; path = Extensions.swift; sourceTree = "<group>"; };
		8FDF9484264F05130006B90E /* AuthButton.swift */ = {isa = PBXFileReference; lastKnownFileType = sourcecode.swift; path = AuthButton.swift; sourceTree = "<group>"; };
		8FDF9487264F31DC0006B90E /* GoogleService-Info.plist */ = {isa = PBXFileReference; lastKnownFileType = text.plist; path = "GoogleService-Info.plist"; sourceTree = SOURCE_ROOT; };
		8FDF94D5265013920006B90E /* HomeController.swift */ = {isa = PBXFileReference; lastKnownFileType = sourcecode.swift; path = HomeController.swift; sourceTree = "<group>"; };
		CBC00399E2D2FCDB4A0738C8 /* Pods-UberTutorial.debug.xcconfig */ = {isa = PBXFileReference; includeInIndex = 1; lastKnownFileType = text.xcconfig; name = "Pods-UberTutorial.debug.xcconfig"; path = "Target Support Files/Pods-UberTutorial/Pods-UberTutorial.debug.xcconfig"; sourceTree = "<group>"; };
/* End PBXFileReference section */

/* Begin PBXFrameworksBuildPhase section */
		8FD9D2AC264729D40021CC29 /* Frameworks */ = {
			isa = PBXFrameworksBuildPhase;
			buildActionMask = 2147483647;
			files = (
				5545EE1C42AC411143523226 /* Pods_UberTutorial.framework in Frameworks */,
			);
			runOnlyForDeploymentPostprocessing = 0;
		};
/* End PBXFrameworksBuildPhase section */

/* Begin PBXGroup section */
		8FD9D2A6264729D40021CC29 = {
			isa = PBXGroup;
			children = (
				8FD9D2B1264729D40021CC29 /* UberTutorial */,
				8FD9D2B0264729D40021CC29 /* Products */,
				9A9C30FEA9A62862CCD2889F /* Pods */,
				DDD727BCE6C6ACEC2CB83C20 /* Frameworks */,
			);
			sourceTree = "<group>";
		};
		8FD9D2B0264729D40021CC29 /* Products */ = {
			isa = PBXGroup;
			children = (
				8FD9D2AF264729D40021CC29 /* UberTutorial.app */,
			);
			name = Products;
			sourceTree = "<group>";
		};
		8FD9D2B1264729D40021CC29 /* UberTutorial */ = {
			isa = PBXGroup;
			children = (
				8FD9D2CB26472A2C0021CC29 /* Model */,
				8FD9D2CA26472A290021CC29 /* View */,
				8FD9D2C926472A260021CC29 /* Controller */,
				8FD9D2C826472A230021CC29 /* Service */,
				8FD9D2C726472A1F0021CC29 /* Utils */,
				8FD9D2B2264729D40021CC29 /* AppDelegate.swift */,
				8FD9D2B8264729D40021CC29 /* Main.storyboard */,
				8FD9D2BB264729D50021CC29 /* Assets.xcassets */,
				8FD9D2BD264729D50021CC29 /* LaunchScreen.storyboard */,
				8FD9D2C0264729D50021CC29 /* Info.plist */,
				8FDF9487264F31DC0006B90E /* GoogleService-Info.plist */,
			);
			path = UberTutorial;
			sourceTree = "<group>";
		};
		8FD9D2C726472A1F0021CC29 /* Utils */ = {
			isa = PBXGroup;
			children = (
				8FD9D2D026481DD50021CC29 /* Extensions.swift */,
			);
			path = Utils;
			sourceTree = "<group>";
		};
		8FD9D2C826472A230021CC29 /* Service */ = {
			isa = PBXGroup;
			children = (
			);
			path = Service;
			sourceTree = "<group>";
		};
		8FD9D2C926472A260021CC29 /* Controller */ = {
			isa = PBXGroup;
			children = (
				8FD9D2B6264729D40021CC29 /* LoginController.swift */,
				8F650B842649BF5B00DFE178 /* SignUpController.swift */,
				8FDF94D5265013920006B90E /* HomeController.swift */,
			);
			path = Controller;
			sourceTree = "<group>";
		};
		8FD9D2CA26472A290021CC29 /* View */ = {
			isa = PBXGroup;
			children = (
				8FDF9484264F05130006B90E /* AuthButton.swift */,
				8FCE121F265C38DD00602B35 /* LocationInputActivationView.swift */,
				8F70A3C3265D98B200D2244B /* LocationInputView.swift */,
			);
			path = View;
			sourceTree = "<group>";
		};
		8FD9D2CB26472A2C0021CC29 /* Model */ = {
			isa = PBXGroup;
			children = (
			);
			path = Model;
			sourceTree = "<group>";
		};
		9A9C30FEA9A62862CCD2889F /* Pods */ = {
			isa = PBXGroup;
			children = (
				CBC00399E2D2FCDB4A0738C8 /* Pods-UberTutorial.debug.xcconfig */,
				4187939435842E3B2ED7ED1C /* Pods-UberTutorial.release.xcconfig */,
			);
			path = Pods;
			sourceTree = "<group>";
		};
		DDD727BCE6C6ACEC2CB83C20 /* Frameworks */ = {
			isa = PBXGroup;
			children = (
				51922DFDA36FD016BD559CBA /* Pods_UberTutorial.framework */,
			);
			name = Frameworks;
			sourceTree = "<group>";
		};
/* End PBXGroup section */

/* Begin PBXNativeTarget section */
		8FD9D2AE264729D40021CC29 /* UberTutorial */ = {
			isa = PBXNativeTarget;
			buildConfigurationList = 8FD9D2C3264729D50021CC29 /* Build configuration list for PBXNativeTarget "UberTutorial" */;
			buildPhases = (
				B55F60401383238272E7B7F0 /* [CP] Check Pods Manifest.lock */,
				8FD9D2AB264729D40021CC29 /* Sources */,
				8FD9D2AC264729D40021CC29 /* Frameworks */,
				8FD9D2AD264729D40021CC29 /* Resources */,
				B065167DEE3E444E919968B0 /* [CP] Embed Pods Frameworks */,
			);
			buildRules = (
			);
			dependencies = (
			);
			name = UberTutorial;
			productName = UberTutorial;
			productReference = 8FD9D2AF264729D40021CC29 /* UberTutorial.app */;
			productType = "com.apple.product-type.application";
		};
/* End PBXNativeTarget section */

/* Begin PBXProject section */
		8FD9D2A7264729D40021CC29 /* Project object */ = {
			isa = PBXProject;
			attributes = {
				LastSwiftUpdateCheck = 1240;
				LastUpgradeCheck = 1240;
				TargetAttributes = {
					8FD9D2AE264729D40021CC29 = {
						CreatedOnToolsVersion = 12.4;
					};
				};
			};
			buildConfigurationList = 8FD9D2AA264729D40021CC29 /* Build configuration list for PBXProject "UberTutorial" */;
			compatibilityVersion = "Xcode 9.3";
			developmentRegion = en;
			hasScannedForEncodings = 0;
			knownRegions = (
				en,
				Base,
			);
			mainGroup = 8FD9D2A6264729D40021CC29;
			productRefGroup = 8FD9D2B0264729D40021CC29 /* Products */;
			projectDirPath = "";
			projectRoot = "";
			targets = (
				8FD9D2AE264729D40021CC29 /* UberTutorial */,
			);
		};
/* End PBXProject section */

/* Begin PBXResourcesBuildPhase section */
		8FD9D2AD264729D40021CC29 /* Resources */ = {
			isa = PBXResourcesBuildPhase;
			buildActionMask = 2147483647;
			files = (
				8FD9D2BF264729D50021CC29 /* LaunchScreen.storyboard in Resources */,
				8FDF9488264F31DC0006B90E /* GoogleService-Info.plist in Resources */,
				8FD9D2BC264729D50021CC29 /* Assets.xcassets in Resources */,
				8FD9D2BA264729D40021CC29 /* Main.storyboard in Resources */,
			);
			runOnlyForDeploymentPostprocessing = 0;
		};
/* End PBXResourcesBuildPhase section */

/* Begin PBXShellScriptBuildPhase section */
		B065167DEE3E444E919968B0 /* [CP] Embed Pods Frameworks */ = {
			isa = PBXShellScriptBuildPhase;
			buildActionMask = 2147483647;
			files = (
			);
			inputFileListPaths = (
				"${PODS_ROOT}/Target Support Files/Pods-UberTutorial/Pods-UberTutorial-frameworks-${CONFIGURATION}-input-files.xcfilelist",
			);
			name = "[CP] Embed Pods Frameworks";
			outputFileListPaths = (
				"${PODS_ROOT}/Target Support Files/Pods-UberTutorial/Pods-UberTutorial-frameworks-${CONFIGURATION}-output-files.xcfilelist",
			);
			runOnlyForDeploymentPostprocessing = 0;
			shellPath = /bin/sh;
			shellScript = "\"${PODS_ROOT}/Target Support Files/Pods-UberTutorial/Pods-UberTutorial-frameworks.sh\"\n";
			showEnvVarsInLog = 0;
		};
		B55F60401383238272E7B7F0 /* [CP] Check Pods Manifest.lock */ = {
			isa = PBXShellScriptBuildPhase;
			buildActionMask = 2147483647;
			files = (
			);
			inputFileListPaths = (
			);
			inputPaths = (
				"${PODS_PODFILE_DIR_PATH}/Podfile.lock",
				"${PODS_ROOT}/Manifest.lock",
			);
			name = "[CP] Check Pods Manifest.lock";
			outputFileListPaths = (
			);
			outputPaths = (
				"$(DERIVED_FILE_DIR)/Pods-UberTutorial-checkManifestLockResult.txt",
			);
			runOnlyForDeploymentPostprocessing = 0;
			shellPath = /bin/sh;
			shellScript = "diff \"${PODS_PODFILE_DIR_PATH}/Podfile.lock\" \"${PODS_ROOT}/Manifest.lock\" > /dev/null\nif [ $? != 0 ] ; then\n    # print error to STDERR\n    echo \"error: The sandbox is not in sync with the Podfile.lock. Run 'pod install' or update your CocoaPods installation.\" >&2\n    exit 1\nfi\n# This output is used by Xcode 'outputs' to avoid re-running this script phase.\necho \"SUCCESS\" > \"${SCRIPT_OUTPUT_FILE_0}\"\n";
			showEnvVarsInLog = 0;
		};
/* End PBXShellScriptBuildPhase section */

/* Begin PBXSourcesBuildPhase section */
		8FD9D2AB264729D40021CC29 /* Sources */ = {
			isa = PBXSourcesBuildPhase;
			buildActionMask = 2147483647;
			files = (
				8FD9D2B7264729D40021CC29 /* LoginController.swift in Sources */,
				8FDF9485264F05130006B90E /* AuthButton.swift in Sources */,
				8FDF94D6265013920006B90E /* HomeController.swift in Sources */,
				8FD9D2D126481DD50021CC29 /* Extensions.swift in Sources */,
				8FD9D2B3264729D40021CC29 /* AppDelegate.swift in Sources */,
				8FCE1220265C38DD00602B35 /* LocationInputActivationView.swift in Sources */,
				8F70A3C4265D98B200D2244B /* LocationInputView.swift in Sources */,
				8F650B852649BF5B00DFE178 /* SignUpController.swift in Sources */,
			);
			runOnlyForDeploymentPostprocessing = 0;
		};
/* End PBXSourcesBuildPhase section */

/* Begin PBXVariantGroup section */
		8FD9D2B8264729D40021CC29 /* Main.storyboard */ = {
			isa = PBXVariantGroup;
			children = (
				8FD9D2B9264729D40021CC29 /* Base */,
			);
			name = Main.storyboard;
			sourceTree = "<group>";
		};
		8FD9D2BD264729D50021CC29 /* LaunchScreen.storyboard */ = {
			isa = PBXVariantGroup;
			children = (
				8FD9D2BE264729D50021CC29 /* Base */,
			);
			name = LaunchScreen.storyboard;
			sourceTree = "<group>";
		};
/* End PBXVariantGroup section */

/* Begin XCBuildConfiguration section */
		8FD9D2C1264729D50021CC29 /* Debug */ = {
			isa = XCBuildConfiguration;
			buildSettings = {
				ALWAYS_SEARCH_USER_PATHS = NO;
				CLANG_ANALYZER_NONNULL = YES;
				CLANG_ANALYZER_NUMBER_OBJECT_CONVERSION = YES_AGGRESSIVE;
				CLANG_CXX_LANGUAGE_STANDARD = "gnu++14";
				CLANG_CXX_LIBRARY = "libc++";
				CLANG_ENABLE_MODULES = YES;
				CLANG_ENABLE_OBJC_ARC = YES;
				CLANG_ENABLE_OBJC_WEAK = YES;
				CLANG_WARN_BLOCK_CAPTURE_AUTORELEASING = YES;
				CLANG_WARN_BOOL_CONVERSION = YES;
				CLANG_WARN_COMMA = YES;
				CLANG_WARN_CONSTANT_CONVERSION = YES;
				CLANG_WARN_DEPRECATED_OBJC_IMPLEMENTATIONS = YES;
				CLANG_WARN_DIRECT_OBJC_ISA_USAGE = YES_ERROR;
				CLANG_WARN_DOCUMENTATION_COMMENTS = YES;
				CLANG_WARN_EMPTY_BODY = YES;
				CLANG_WARN_ENUM_CONVERSION = YES;
				CLANG_WARN_INFINITE_RECURSION = YES;
				CLANG_WARN_INT_CONVERSION = YES;
				CLANG_WARN_NON_LITERAL_NULL_CONVERSION = YES;
				CLANG_WARN_OBJC_IMPLICIT_RETAIN_SELF = YES;
				CLANG_WARN_OBJC_LITERAL_CONVERSION = YES;
				CLANG_WARN_OBJC_ROOT_CLASS = YES_ERROR;
				CLANG_WARN_QUOTED_INCLUDE_IN_FRAMEWORK_HEADER = YES;
				CLANG_WARN_RANGE_LOOP_ANALYSIS = YES;
				CLANG_WARN_STRICT_PROTOTYPES = YES;
				CLANG_WARN_SUSPICIOUS_MOVE = YES;
				CLANG_WARN_UNGUARDED_AVAILABILITY = YES_AGGRESSIVE;
				CLANG_WARN_UNREACHABLE_CODE = YES;
				CLANG_WARN__DUPLICATE_METHOD_MATCH = YES;
				COPY_PHASE_STRIP = NO;
				DEBUG_INFORMATION_FORMAT = dwarf;
				ENABLE_STRICT_OBJC_MSGSEND = YES;
				ENABLE_TESTABILITY = YES;
				GCC_C_LANGUAGE_STANDARD = gnu11;
				GCC_DYNAMIC_NO_PIC = NO;
				GCC_NO_COMMON_BLOCKS = YES;
				GCC_OPTIMIZATION_LEVEL = 0;
				GCC_PREPROCESSOR_DEFINITIONS = (
					"DEBUG=1",
					"$(inherited)",
				);
				GCC_WARN_64_TO_32_BIT_CONVERSION = YES;
				GCC_WARN_ABOUT_RETURN_TYPE = YES_ERROR;
				GCC_WARN_UNDECLARED_SELECTOR = YES;
				GCC_WARN_UNINITIALIZED_AUTOS = YES_AGGRESSIVE;
				GCC_WARN_UNUSED_FUNCTION = YES;
				GCC_WARN_UNUSED_VARIABLE = YES;
				IPHONEOS_DEPLOYMENT_TARGET = 14.4;
				MTL_ENABLE_DEBUG_INFO = INCLUDE_SOURCE;
				MTL_FAST_MATH = YES;
				ONLY_ACTIVE_ARCH = YES;
				SDKROOT = iphoneos;
				SWIFT_ACTIVE_COMPILATION_CONDITIONS = DEBUG;
				SWIFT_OPTIMIZATION_LEVEL = "-Onone";
			};
			name = Debug;
		};
		8FD9D2C2264729D50021CC29 /* Release */ = {
			isa = XCBuildConfiguration;
			buildSettings = {
				ALWAYS_SEARCH_USER_PATHS = NO;
				CLANG_ANALYZER_NONNULL = YES;
				CLANG_ANALYZER_NUMBER_OBJECT_CONVERSION = YES_AGGRESSIVE;
				CLANG_CXX_LANGUAGE_STANDARD = "gnu++14";
				CLANG_CXX_LIBRARY = "libc++";
				CLANG_ENABLE_MODULES = YES;
				CLANG_ENABLE_OBJC_ARC = YES;
				CLANG_ENABLE_OBJC_WEAK = YES;
				CLANG_WARN_BLOCK_CAPTURE_AUTORELEASING = YES;
				CLANG_WARN_BOOL_CONVERSION = YES;
				CLANG_WARN_COMMA = YES;
				CLANG_WARN_CONSTANT_CONVERSION = YES;
				CLANG_WARN_DEPRECATED_OBJC_IMPLEMENTATIONS = YES;
				CLANG_WARN_DIRECT_OBJC_ISA_USAGE = YES_ERROR;
				CLANG_WARN_DOCUMENTATION_COMMENTS = YES;
				CLANG_WARN_EMPTY_BODY = YES;
				CLANG_WARN_ENUM_CONVERSION = YES;
				CLANG_WARN_INFINITE_RECURSION = YES;
				CLANG_WARN_INT_CONVERSION = YES;
				CLANG_WARN_NON_LITERAL_NULL_CONVERSION = YES;
				CLANG_WARN_OBJC_IMPLICIT_RETAIN_SELF = YES;
				CLANG_WARN_OBJC_LITERAL_CONVERSION = YES;
				CLANG_WARN_OBJC_ROOT_CLASS = YES_ERROR;
				CLANG_WARN_QUOTED_INCLUDE_IN_FRAMEWORK_HEADER = YES;
				CLANG_WARN_RANGE_LOOP_ANALYSIS = YES;
				CLANG_WARN_STRICT_PROTOTYPES = YES;
				CLANG_WARN_SUSPICIOUS_MOVE = YES;
				CLANG_WARN_UNGUARDED_AVAILABILITY = YES_AGGRESSIVE;
				CLANG_WARN_UNREACHABLE_CODE = YES;
				CLANG_WARN__DUPLICATE_METHOD_MATCH = YES;
				COPY_PHASE_STRIP = NO;
				DEBUG_INFORMATION_FORMAT = "dwarf-with-dsym";
				ENABLE_NS_ASSERTIONS = NO;
				ENABLE_STRICT_OBJC_MSGSEND = YES;
				GCC_C_LANGUAGE_STANDARD = gnu11;
				GCC_NO_COMMON_BLOCKS = YES;
				GCC_WARN_64_TO_32_BIT_CONVERSION = YES;
				GCC_WARN_ABOUT_RETURN_TYPE = YES_ERROR;
				GCC_WARN_UNDECLARED_SELECTOR = YES;
				GCC_WARN_UNINITIALIZED_AUTOS = YES_AGGRESSIVE;
				GCC_WARN_UNUSED_FUNCTION = YES;
				GCC_WARN_UNUSED_VARIABLE = YES;
				IPHONEOS_DEPLOYMENT_TARGET = 14.4;
				MTL_ENABLE_DEBUG_INFO = NO;
				MTL_FAST_MATH = YES;
				SDKROOT = iphoneos;
				SWIFT_COMPILATION_MODE = wholemodule;
				SWIFT_OPTIMIZATION_LEVEL = "-O";
				VALIDATE_PRODUCT = YES;
			};
			name = Release;
		};
		8FD9D2C4264729D50021CC29 /* Debug */ = {
			isa = XCBuildConfiguration;
			baseConfigurationReference = CBC00399E2D2FCDB4A0738C8 /* Pods-UberTutorial.debug.xcconfig */;
			buildSettings = {
				ASSETCATALOG_COMPILER_APPICON_NAME = AppIcon;
				ASSETCATALOG_COMPILER_GLOBAL_ACCENT_COLOR_NAME = AccentColor;
				CODE_SIGN_STYLE = Automatic;
				DEVELOPMENT_TEAM = KD3Y7HXHQ9;
				INFOPLIST_FILE = UberTutorial/Info.plist;
				LD_RUNPATH_SEARCH_PATHS = (
					"$(inherited)",
					"@executable_path/Frameworks",
				);
				PRODUCT_BUNDLE_IDENTIFIER = ru.danilov.UberTutorial;
				PRODUCT_NAME = "$(TARGET_NAME)";
				SWIFT_VERSION = 5.0;
				TARGETED_DEVICE_FAMILY = "1,2";
			};
			name = Debug;
		};
		8FD9D2C5264729D50021CC29 /* Release */ = {
			isa = XCBuildConfiguration;
			baseConfigurationReference = 4187939435842E3B2ED7ED1C /* Pods-UberTutorial.release.xcconfig */;
			buildSettings = {
				ASSETCATALOG_COMPILER_APPICON_NAME = AppIcon;
				ASSETCATALOG_COMPILER_GLOBAL_ACCENT_COLOR_NAME = AccentColor;
				CODE_SIGN_STYLE = Automatic;
				DEVELOPMENT_TEAM = KD3Y7HXHQ9;
				INFOPLIST_FILE = UberTutorial/Info.plist;
				LD_RUNPATH_SEARCH_PATHS = (
					"$(inherited)",
					"@executable_path/Frameworks",
				);
				PRODUCT_BUNDLE_IDENTIFIER = ru.danilov.UberTutorial;
				PRODUCT_NAME = "$(TARGET_NAME)";
				SWIFT_VERSION = 5.0;
				TARGETED_DEVICE_FAMILY = "1,2";
			};
			name = Release;
		};
/* End XCBuildConfiguration section */

/* Begin XCConfigurationList section */
		8FD9D2AA264729D40021CC29 /* Build configuration list for PBXProject "UberTutorial" */ = {
			isa = XCConfigurationList;
			buildConfigurations = (
				8FD9D2C1264729D50021CC29 /* Debug */,
				8FD9D2C2264729D50021CC29 /* Release */,
			);
			defaultConfigurationIsVisible = 0;
			defaultConfigurationName = Release;
		};
		8FD9D2C3264729D50021CC29 /* Build configuration list for PBXNativeTarget "UberTutorial" */ = {
			isa = XCConfigurationList;
			buildConfigurations = (
				8FD9D2C4264729D50021CC29 /* Debug */,
				8FD9D2C5264729D50021CC29 /* Release */,
			);
			defaultConfigurationIsVisible = 0;
			defaultConfigurationName = Release;
		};
/* End XCConfigurationList section */
	};
	rootObject = 8FD9D2A7264729D40021CC29 /* Project object */;
}
